
Microsoft Visual Studio Solution File, Format Version 12.00
# Visual Studio Version 16
VisualStudioVersion = 16.0.29613.14
MinimumVisualStudioVersion = 10.0.40219.1
Project("{FAE04EC0-301F-11D3-BF4B-00C04F79EFBC}") = "CreateMathWork", "CreateMathWork\CreateMathWork.csproj", "{544384C9-1BE8-438A-8EB5-9E348CEC750D}"
EndProject
Global
	GlobalSection(SolutionConfigurationPlatforms) = preSolution
		Debug|Any CPU = Debug|Any CPU
		Release|Any CPU = Release|Any CPU
	EndGlobalSection
	GlobalSection(ProjectConfigurationPlatforms) = postSolution
		{544384C9-1BE8-438A-8EB5-9E348CEC750D}.Debug|Any CPU.ActiveCfg = Debug|Any CPU
		{544384C9-1BE8-438A-8EB5-9E348CEC750D}.Debug|Any CPU.Build.0 = Debug|Any CPU
		{544384C9-1BE8-438A-8EB5-9E348CEC750D}.Release|Any CPU.ActiveCfg = Release|Any CPU
		{544384C9-1BE8-438A-8EB5-9E348CEC750D}.Release|Any CPU.Build.0 = Release|Any CPU
	EndGlobalSection
	GlobalSection(SolutionProperties) = preSolution
		HideSolutionNode = FALSE
	EndGlobalSection
	GlobalSection(ExtensibilityGlobals) = postSolution
		SolutionGuid = {40729A64-FB2C-46AB-AB5C-2CE097965AFC}
	EndGlobalSection
EndGlobal
